
Microsoft Visual Studio Solution File, Format Version 12.00
# Visual Studio Version 16
VisualStudioVersion = 16.0.31424.327
MinimumVisualStudioVersion = 10.0.40219.1
Project("{FAE04EC0-301F-11D3-BF4B-00C04F79EFBC}") = "HW14.0", "HW14.0\HW14.0.csproj", "{116ECD28-97AE-49F8-B849-3863B357BEAE}"
EndProject
Project("{FAE04EC0-301F-11D3-BF4B-00C04F79EFBC}") = "HW14.1", "HW14.1\HW14.1.csproj", "{0C07493B-8754-4C36-8E8B-A63190650617}"
EndProject
Global
	GlobalSection(SolutionConfigurationPlatforms) = preSolution
		Debug|Any CPU = Debug|Any CPU
		Release|Any CPU = Release|Any CPU
	EndGlobalSection
	GlobalSection(ProjectConfigurationPlatforms) = postSolution
		{116ECD28-97AE-49F8-B849-3863B357BEAE}.Debug|Any CPU.ActiveCfg = Debug|Any CPU
		{116ECD28-97AE-49F8-B849-3863B357BEAE}.Debug|Any CPU.Build.0 = Debug|Any CPU
		{116ECD28-97AE-49F8-B849-3863B357BEAE}.Release|Any CPU.ActiveCfg = Release|Any CPU
		{116ECD28-97AE-49F8-B849-3863B357BEAE}.Release|Any CPU.Build.0 = Release|Any CPU
		{0C07493B-8754-4C36-8E8B-A63190650617}.Debug|Any CPU.ActiveCfg = Debug|Any CPU
		{0C07493B-8754-4C36-8E8B-A63190650617}.Debug|Any CPU.Build.0 = Debug|Any CPU
		{0C07493B-8754-4C36-8E8B-A63190650617}.Release|Any CPU.ActiveCfg = Release|Any CPU
		{0C07493B-8754-4C36-8E8B-A63190650617}.Release|Any CPU.Build.0 = Release|Any CPU
	EndGlobalSection
	GlobalSection(SolutionProperties) = preSolution
		HideSolutionNode = FALSE
	EndGlobalSection
	GlobalSection(ExtensibilityGlobals) = postSolution
		SolutionGuid = {025AAAD8-D8B6-490E-8403-259CD9624F83}
	EndGlobalSection
EndGlobal
